// !$*UTF8*$!
{
	archiveVersion = 1;
	classes = {
	};
	objectVersion = 56;
	objects = {

/* Begin PBXBuildFile section */
		0ABFB7102A87753900906999 /* main.swift in Sources */ = {isa = PBXBuildFile; fileRef = 0ABFB70F2A87753900906999 /* main.swift */; };
		0ABFB71E2A8775FD00906999 /* Features.swift in Sources */ = {isa = PBXBuildFile; fileRef = 0ABFB71D2A8775FD00906999 /* Features.swift */; };
		0ABFB7222A877F0300906999 /* MLModel.swift in Sources */ = {isa = PBXBuildFile; fileRef = 0ABFB7212A877F0300906999 /* MLModel.swift */; };
		0ABFB7242A8799F300906999 /* MLObject.swift in Sources */ = {isa = PBXBuildFile; fileRef = 0ABFB7232A8799F300906999 /* MLObject.swift */; };
/* End PBXBuildFile section */

/* Begin PBXCopyFilesBuildPhase section */
		0ABFB70A2A87753900906999 /* CopyFiles */ = {
			isa = PBXCopyFilesBuildPhase;
			buildActionMask = 2147483647;
			dstPath = /usr/share/man/man1/;
			dstSubfolderSpec = 0;
			files = (
			);
			runOnlyForDeploymentPostprocessing = 1;
		};
/* End PBXCopyFilesBuildPhase section */

/* Begin PBXFileReference section */
		0ABFB70C2A87753900906999 /* Linear Regression */ = {isa = PBXFileReference; explicitFileType = "compiled.mach-o.executable"; includeInIndex = 0; path = "Linear Regression"; sourceTree = BUILT_PRODUCTS_DIR; };
		0ABFB70F2A87753900906999 /* main.swift */ = {isa = PBXFileReference; lastKnownFileType = sourcecode.swift; path = main.swift; sourceTree = "<group>"; };
		0ABFB7172A87757600906999 /* test.csv */ = {isa = PBXFileReference; fileEncoding = 4; lastKnownFileType = text; path = test.csv; sourceTree = "<group>"; };
		0ABFB7182A87757600906999 /* data_description.txt */ = {isa = PBXFileReference; fileEncoding = 4; lastKnownFileType = text; path = data_description.txt; sourceTree = "<group>"; };
		0ABFB7192A87757600906999 /* train.csv */ = {isa = PBXFileReference; fileEncoding = 4; lastKnownFileType = text; path = train.csv; sourceTree = "<group>"; };
		0ABFB71A2A87757600906999 /* sample_submission.csv */ = {isa = PBXFileReference; fileEncoding = 4; lastKnownFileType = text; path = sample_submission.csv; sourceTree = "<group>"; };
		0ABFB71D2A8775FD00906999 /* Features.swift */ = {isa = PBXFileReference; lastKnownFileType = sourcecode.swift; path = Features.swift; sourceTree = "<group>"; };
		0ABFB7212A877F0300906999 /* MLModel.swift */ = {isa = PBXFileReference; lastKnownFileType = sourcecode.swift; path = MLModel.swift; sourceTree = "<group>"; };
		0ABFB7232A8799F300906999 /* MLObject.swift */ = {isa = PBXFileReference; lastKnownFileType = sourcecode.swift; path = MLObject.swift; sourceTree = "<group>"; };
/* End PBXFileReference section */

/* Begin PBXFrameworksBuildPhase section */
		0ABFB7092A87753900906999 /* Frameworks */ = {
			isa = PBXFrameworksBuildPhase;
			buildActionMask = 2147483647;
			files = (
			);
			runOnlyForDeploymentPostprocessing = 0;
		};
/* End PBXFrameworksBuildPhase section */

/* Begin PBXGroup section */
		0ABFB7032A87753900906999 = {
			isa = PBXGroup;
			children = (
				0ABFB7162A87757600906999 /* house-prices-advanced-regression-techniques */,
				0ABFB70E2A87753900906999 /* Linear Regression */,
				0ABFB70D2A87753900906999 /* Products */,
			);
			sourceTree = "<group>";
		};
		0ABFB70D2A87753900906999 /* Products */ = {
			isa = PBXGroup;
			children = (
				0ABFB70C2A87753900906999 /* Linear Regression */,
			);
			name = Products;
			sourceTree = "<group>";
		};
		0ABFB70E2A87753900906999 /* Linear Regression */ = {
			isa = PBXGroup;
			children = (
				0ABFB7252A879A0A00906999 /* MachineLearning */,
				0ABFB70F2A87753900906999 /* main.swift */,
				0ABFB71D2A8775FD00906999 /* Features.swift */,
			);
			path = "Linear Regression";
			sourceTree = "<group>";
		};
		0ABFB7162A87757600906999 /* house-prices-advanced-regression-techniques */ = {
			isa = PBXGroup;
			children = (
				0ABFB7172A87757600906999 /* test.csv */,
				0ABFB7182A87757600906999 /* data_description.txt */,
				0ABFB7192A87757600906999 /* train.csv */,
				0ABFB71A2A87757600906999 /* sample_submission.csv */,
			);
			path = "house-prices-advanced-regression-techniques";
			sourceTree = "<group>";
		};
		0ABFB7252A879A0A00906999 /* MachineLearning */ = {
			isa = PBXGroup;
			children = (
				0ABFB7232A8799F300906999 /* MLObject.swift */,
				0ABFB7212A877F0300906999 /* MLModel.swift */,
			);
			path = MachineLearning;
			sourceTree = "<group>";
		};
/* End PBXGroup section */

/* Begin PBXNativeTarget section */
		0ABFB70B2A87753900906999 /* Linear Regression */ = {
			isa = PBXNativeTarget;
			buildConfigurationList = 0ABFB7132A87753900906999 /* Build configuration list for PBXNativeTarget "Linear Regression" */;
			buildPhases = (
				0ABFB7082A87753900906999 /* Sources */,
				0ABFB7092A87753900906999 /* Frameworks */,
				0ABFB70A2A87753900906999 /* CopyFiles */,
			);
			buildRules = (
			);
			dependencies = (
			);
			name = "Linear Regression";
			productName = "Linear Regression";
			productReference = 0ABFB70C2A87753900906999 /* Linear Regression */;
			productType = "com.apple.product-type.tool";
		};
/* End PBXNativeTarget section */

/* Begin PBXProject section */
		0ABFB7042A87753900906999 /* Project object */ = {
			isa = PBXProject;
			attributes = {
				BuildIndependentTargetsInParallel = 1;
				LastSwiftUpdateCheck = 1430;
				LastUpgradeCheck = 1430;
				TargetAttributes = {
					0ABFB70B2A87753900906999 = {
						CreatedOnToolsVersion = 14.3.1;
					};
				};
			};
			buildConfigurationList = 0ABFB7072A87753900906999 /* Build configuration list for PBXProject "Linear Regression" */;
			compatibilityVersion = "Xcode 14.0";
			developmentRegion = en;
			hasScannedForEncodings = 0;
			knownRegions = (
				en,
				Base,
			);
			mainGroup = 0ABFB7032A87753900906999;
			productRefGroup = 0ABFB70D2A87753900906999 /* Products */;
			projectDirPath = "";
			projectRoot = "";
			targets = (
				0ABFB70B2A87753900906999 /* Linear Regression */,
			);
		};
/* End PBXProject section */

/* Begin PBXSourcesBuildPhase section */
		0ABFB7082A87753900906999 /* Sources */ = {
			isa = PBXSourcesBuildPhase;
			buildActionMask = 2147483647;
			files = (
				0ABFB7242A8799F300906999 /* MLObject.swift in Sources */,
				0ABFB7102A87753900906999 /* main.swift in Sources */,
				0ABFB7222A877F0300906999 /* MLModel.swift in Sources */,
				0ABFB71E2A8775FD00906999 /* Features.swift in Sources */,
			);
			runOnlyForDeploymentPostprocessing = 0;
		};
/* End PBXSourcesBuildPhase section */

/* Begin XCBuildConfiguration section */
		0ABFB7112A87753900906999 /* Debug */ = {
			isa = XCBuildConfiguration;
			buildSettings = {
				ALWAYS_SEARCH_USER_PATHS = NO;
				CLANG_ANALYZER_NONNULL = YES;
				CLANG_ANALYZER_NUMBER_OBJECT_CONVERSION = YES_AGGRESSIVE;
				CLANG_CXX_LANGUAGE_STANDARD = "gnu++20";
				CLANG_ENABLE_MODULES = YES;
				CLANG_ENABLE_OBJC_ARC = YES;
				CLANG_ENABLE_OBJC_WEAK = YES;
				CLANG_WARN_BLOCK_CAPTURE_AUTORELEASING = YES;
				CLANG_WARN_BOOL_CONVERSION = YES;
				CLANG_WARN_COMMA = YES;
				CLANG_WARN_CONSTANT_CONVERSION = YES;
				CLANG_WARN_DEPRECATED_OBJC_IMPLEMENTATIONS = YES;
				CLANG_WARN_DIRECT_OBJC_ISA_USAGE = YES_ERROR;
				CLANG_WARN_DOCUMENTATION_COMMENTS = YES;
				CLANG_WARN_EMPTY_BODY = YES;
				CLANG_WARN_ENUM_CONVERSION = YES;
				CLANG_WARN_INFINITE_RECURSION = YES;
				CLANG_WARN_INT_CONVERSION = YES;
				CLANG_WARN_NON_LITERAL_NULL_CONVERSION = YES;
				CLANG_WARN_OBJC_IMPLICIT_RETAIN_SELF = YES;
				CLANG_WARN_OBJC_LITERAL_CONVERSION = YES;
				CLANG_WARN_OBJC_ROOT_CLASS = YES_ERROR;
				CLANG_WARN_QUOTED_INCLUDE_IN_FRAMEWORK_HEADER = YES;
				CLANG_WARN_RANGE_LOOP_ANALYSIS = YES;
				CLANG_WARN_STRICT_PROTOTYPES = YES;
				CLANG_WARN_SUSPICIOUS_MOVE = YES;
				CLANG_WARN_UNGUARDED_AVAILABILITY = YES_AGGRESSIVE;
				CLANG_WARN_UNREACHABLE_CODE = YES;
				CLANG_WARN__DUPLICATE_METHOD_MATCH = YES;
				COPY_PHASE_STRIP = NO;
				DEBUG_INFORMATION_FORMAT = dwarf;
				ENABLE_STRICT_OBJC_MSGSEND = YES;
				ENABLE_TESTABILITY = YES;
				GCC_C_LANGUAGE_STANDARD = gnu11;
				GCC_DYNAMIC_NO_PIC = NO;
				GCC_NO_COMMON_BLOCKS = YES;
				GCC_OPTIMIZATION_LEVEL = 0;
				GCC_PREPROCESSOR_DEFINITIONS = (
					"DEBUG=1",
					"$(inherited)",
				);
				GCC_WARN_64_TO_32_BIT_CONVERSION = YES;
				GCC_WARN_ABOUT_RETURN_TYPE = YES_ERROR;
				GCC_WARN_UNDECLARED_SELECTOR = YES;
				GCC_WARN_UNINITIALIZED_AUTOS = YES_AGGRESSIVE;
				GCC_WARN_UNUSED_FUNCTION = YES;
				GCC_WARN_UNUSED_VARIABLE = YES;
				MACOSX_DEPLOYMENT_TARGET = 13.3;
				MTL_ENABLE_DEBUG_INFO = INCLUDE_SOURCE;
				MTL_FAST_MATH = YES;
				ONLY_ACTIVE_ARCH = YES;
				SDKROOT = macosx;
				SWIFT_ACTIVE_COMPILATION_CONDITIONS = DEBUG;
				SWIFT_OPTIMIZATION_LEVEL = "-Onone";
			};
			name = Debug;
		};
		0ABFB7122A87753900906999 /* Release */ = {
			isa = XCBuildConfiguration;
			buildSettings = {
				ALWAYS_SEARCH_USER_PATHS = NO;
				CLANG_ANALYZER_NONNULL = YES;
				CLANG_ANALYZER_NUMBER_OBJECT_CONVERSION = YES_AGGRESSIVE;
				CLANG_CXX_LANGUAGE_STANDARD = "gnu++20";
				CLANG_ENABLE_MODULES = YES;
				CLANG_ENABLE_OBJC_ARC = YES;
				CLANG_ENABLE_OBJC_WEAK = YES;
				CLANG_WARN_BLOCK_CAPTURE_AUTORELEASING = YES;
				CLANG_WARN_BOOL_CONVERSION = YES;
				CLANG_WARN_COMMA = YES;
				CLANG_WARN_CONSTANT_CONVERSION = YES;
				CLANG_WARN_DEPRECATED_OBJC_IMPLEMENTATIONS = YES;
				CLANG_WARN_DIRECT_OBJC_ISA_USAGE = YES_ERROR;
				CLANG_WARN_DOCUMENTATION_COMMENTS = YES;
				CLANG_WARN_EMPTY_BODY = YES;
				CLANG_WARN_ENUM_CONVERSION = YES;
				CLANG_WARN_INFINITE_RECURSION = YES;
				CLANG_WARN_INT_CONVERSION = YES;
				CLANG_WARN_NON_LITERAL_NULL_CONVERSION = YES;
				CLANG_WARN_OBJC_IMPLICIT_RETAIN_SELF = YES;
				CLANG_WARN_OBJC_LITERAL_CONVERSION = YES;
				CLANG_WARN_OBJC_ROOT_CLASS = YES_ERROR;
				CLANG_WARN_QUOTED_INCLUDE_IN_FRAMEWORK_HEADER = YES;
				CLANG_WARN_RANGE_LOOP_ANALYSIS = YES;
				CLANG_WARN_STRICT_PROTOTYPES = YES;
				CLANG_WARN_SUSPICIOUS_MOVE = YES;
				CLANG_WARN_UNGUARDED_AVAILABILITY = YES_AGGRESSIVE;
				CLANG_WARN_UNREACHABLE_CODE = YES;
				CLANG_WARN__DUPLICATE_METHOD_MATCH = YES;
				COPY_PHASE_STRIP = NO;
				DEBUG_INFORMATION_FORMAT = "dwarf-with-dsym";
				ENABLE_NS_ASSERTIONS = NO;
				ENABLE_STRICT_OBJC_MSGSEND = YES;
				GCC_C_LANGUAGE_STANDARD = gnu11;
				GCC_NO_COMMON_BLOCKS = YES;
				GCC_WARN_64_TO_32_BIT_CONVERSION = YES;
				GCC_WARN_ABOUT_RETURN_TYPE = YES_ERROR;
				GCC_WARN_UNDECLARED_SELECTOR = YES;
				GCC_WARN_UNINITIALIZED_AUTOS = YES_AGGRESSIVE;
				GCC_WARN_UNUSED_FUNCTION = YES;
				GCC_WARN_UNUSED_VARIABLE = YES;
				MACOSX_DEPLOYMENT_TARGET = 13.3;
				MTL_ENABLE_DEBUG_INFO = NO;
				MTL_FAST_MATH = YES;
				SDKROOT = macosx;
				SWIFT_COMPILATION_MODE = wholemodule;
				SWIFT_OPTIMIZATION_LEVEL = "-O";
			};
			name = Release;
		};
		0ABFB7142A87753900906999 /* Debug */ = {
			isa = XCBuildConfiguration;
			buildSettings = {
				CODE_SIGN_STYLE = Automatic;
				DEVELOPMENT_TEAM = 75KQXN6JUC;
				ENABLE_HARDENED_RUNTIME = YES;
				PRODUCT_NAME = "$(TARGET_NAME)";
				SWIFT_VERSION = 5.0;
			};
			name = Debug;
		};
		0ABFB7152A87753900906999 /* Release */ = {
			isa = XCBuildConfiguration;
			buildSettings = {
				CODE_SIGN_STYLE = Automatic;
				DEVELOPMENT_TEAM = 75KQXN6JUC;
				ENABLE_HARDENED_RUNTIME = YES;
				PRODUCT_NAME = "$(TARGET_NAME)";
				SWIFT_VERSION = 5.0;
			};
			name = Release;
		};
/* End XCBuildConfiguration section */

/* Begin XCConfigurationList section */
		0ABFB7072A87753900906999 /* Build configuration list for PBXProject "Linear Regression" */ = {
			isa = XCConfigurationList;
			buildConfigurations = (
				0ABFB7112A87753900906999 /* Debug */,
				0ABFB7122A87753900906999 /* Release */,
			);
			defaultConfigurationIsVisible = 0;
			defaultConfigurationName = Release;
		};
		0ABFB7132A87753900906999 /* Build configuration list for PBXNativeTarget "Linear Regression" */ = {
			isa = XCConfigurationList;
			buildConfigurations = (
				0ABFB7142A87753900906999 /* Debug */,
				0ABFB7152A87753900906999 /* Release */,
			);
			defaultConfigurationIsVisible = 0;
			defaultConfigurationName = Release;
		};
/* End XCConfigurationList section */
	};
	rootObject = 0ABFB7042A87753900906999 /* Project object */;
}
